PODS:
  - AppAuth (0.95.0)
  - HockeySDK (5.1.4):
    - HockeySDK/DefaultLib (= 5.1.4)
  - HockeySDK/DefaultLib (5.1.4)

DEPENDENCIES:
  - AppAuth (>= 0.94)
  - HockeySDK (~> 5.1.4)

SPEC REPOS:
  https://github.com/cocoapods/specs.git:
    - AppAuth
    - HockeySDK

SPEC CHECKSUMS:
  AppAuth: 137f6bb6fc9dfbaf2cf9f6fcff1d336ff0163bc6
  HockeySDK: 15afe6bc0a5bfe3a531fd73dbf082095f37dac3b

PODFILE CHECKSUM: d0a5673cebcf4bf5e311bc21f175d83589f231ae

COCOAPODS: 1.5.3
