PODS:
  - AppCenter/Analytics (1.6.0):
    - AppCenter/Core
  - AppCenter/Core (1.6.0)
  - AppCenter/Crashes (1.6.0):
    - AppCenter/Core
  - AppCenterReactNativeShared (1.5.0):
    - AppCenter/Core (= 1.6.0)

DEPENDENCIES:
  - AppCenter/Analytics (~> 1.6.0)
  - AppCenter/Crashes (~> 1.6.0)
  - AppCenterReactNativeShared (~> 1.5.0)

SPEC REPOS:
  https://github.com/cocoapods/specs.git:
    - AppCenter
    - AppCenterReactNativeShared

SPEC CHECKSUMS:
  AppCenter: 05e11ff99d3224131363abb61830172f5f28e53e
  AppCenterReactNativeShared: fac1cabd1f76cc2f7019a53a58eaae60734a68bd

PODFILE CHECKSUM: 0b53f42f9df271b6b3743d888043a49adf51c982

COCOAPODS: 1.5.2
